{
  "version": 4,
  "terraform_version": "1.10.0",
  "serial": 79,
  "lineage": "fc421cb8-e002-92ee-e466-c7ae7b2fc7f8",
  "outputs": {},
  "resources": [
    {
      "mode": "data",
      "type": "yandex_compute_image",
      "name": "ubuntu2404",
      "provider": "provider[\"registry.terraform.io/yandex-cloud/yandex\"]",
      "instances": [
        {
          "schema_version": 0,
          "attributes": {
            "created_at": "2024-12-23T11:01:38Z",
            "description": "Ubuntu 24.04 OsLogin",
            "family": "ubuntu-2404-lts-oslogin",
            "folder_id": "standard-images",
            "hardware_generation": [
              {
                "generation2_features": [],
                "legacy_features": [
                  {
                    "pci_topology": "PCI_TOPOLOGY_V1"
                  }
                ]
              }
            ],
            "id": "fd8rg0kng2d1kg23eu3r",
            "image_id": "fd8rg0kng2d1kg23eu3r",
            "kms_key_id": null,
            "labels": {},
            "min_disk_size": 10,
            "name": "ubuntu-2404-lts-oslogin-v20241223",
            "os_type": "linux",
            "pooled": true,
            "product_ids": [
              "f2e0ehul0bqtdejbna11"
            ],
            "size": 4,
            "status": "ready"
          },
          "sensitive_attributes": []
        }
      ]
    },
    {
      "mode": "data",
      "type": "yandex_vpc_network",
      "name": "default",
      "provider": "provider[\"registry.terraform.io/yandex-cloud/yandex\"]",
      "instances": [
        {
          "schema_version": 0,
          "attributes": {
            "created_at": "2024-11-08T10:25:44Z",
            "default_security_group_id": "enph8nvndmf6tmo7urh2",
            "description": "Auto-created network",
            "folder_id": "b1ghnhdkga964vm8vfu6",
            "id": "enp014etv9tm4bcju6bq",
            "labels": {},
            "name": "default",
            "network_id": "enp014etv9tm4bcju6bq",
            "subnet_ids": [
              "e2lsbglh7iq9u6kfhn3o",
              "e9bri13lics7pf0i9vbq",
              "fl8c28ftrf5g7mdfkhl7"
            ]
          },
          "sensitive_attributes": []
        }
      ]
    },
    {
      "mode": "managed",
      "type": "local_file",
      "name": "inventory",
      "provider": "provider[\"registry.terraform.io/hashicorp/local\"]",
      "instances": [
        {
          "schema_version": 0,
          "attributes": {
            "content": "[database]\ndatabase ansible_host=158.160.70.39 ansible_ssh_common_args='-o StrictHostKeyChecking=no'\n\n\n[backend]\nbackend1 ansible_host=158.160.88.24 ansible_ssh_common_args='-o StrictHostKeyChecking=no'\nbackend2 ansible_host=158.160.65.108 ansible_ssh_common_args='-o StrictHostKeyChecking=no'\n\n[frontend]\nnginx1 ansible_host=158.160.88.96 ansible_ssh_common_args='-o StrictHostKeyChecking=no'\nnginx2 ansible_host=158.160.88.120 ansible_ssh_common_args='-o StrictHostKeyChecking=no'\n\n[storage]\nstorage ansible_host=158.160.29.48 ansible_ssh_common_args='-o StrictHostKeyChecking=no'\n\n",
            "content_base64": null,
            "content_base64sha256": "t6XiTk/TzYVE88wt/n2PJUge2LECJCVTv3TJDdcHkc4=",
            "content_base64sha512": "0pEJF9l2Zhigb9Ca2vIbaUdz3Ziqx32FS5/Px2kT6UEcu7qP/U7p3jB1EwIbWHjq+WwE8LCHWqUkDRlZSPFw3w==",
            "content_md5": "3d042c94d3a6d332f58129acf646dfc4",
            "content_sha1": "52ef40b1cc9eae2a494edd13e9378d49b5fc81f3",
            "content_sha256": "b7a5e24e4fd3cd8544f3cc2dfe7d8f25481ed8b102242553bf74c90dd70791ce",
            "content_sha512": "d2910917d9766618a06fd09adaf21b694773dd98aac77d854b9fcfc76913e9411cbbba8ffd4ee9de307513021b5878eaf96c04f0b0875aa5240d195948f170df",
            "directory_permission": "0777",
            "file_permission": "0644",
            "filename": "./hosts",
            "id": "52ef40b1cc9eae2a494edd13e9378d49b5fc81f3",
            "sensitive_content": null,
            "source": null
          },
          "sensitive_attributes": [
            [
              {
                "type": "get_attr",
                "value": "sensitive_content"
              }
            ]
          ],
          "dependencies": [
            "data.yandex_compute_image.ubuntu2404",
            "data.yandex_vpc_network.default",
            "yandex_compute_disk.shared_disk",
            "yandex_compute_instance.backend",
            "yandex_compute_instance.database",
            "yandex_compute_instance.frontend",
            "yandex_compute_instance.storage",
            "yandex_vpc_subnet.subnet01"
          ]
        }
      ]
    },
    {
      "mode": "managed",
      "type": "local_file",
      "name": "playbook_yml",
      "provider": "provider[\"registry.terraform.io/hashicorp/local\"]",
      "instances": [
        {
          "schema_version": 0,
          "attributes": {
            "content": "---\n- hosts: all\n  remote_user: ubuntu\n  become: yes\n  gather_facts: no\n  tasks:\n  \n# ждем пока виртуальные машины придут в себя. иначе могу быть баги с утановкой пакетов  \n  - name: Pause for 2 minutes\n    ansible.builtin.pause:\n      minutes: 2\n\n  - name: Wait for system to become reachable\n    ansible.builtin.wait_for_connection:\n\n  - name: Gather facts manually\n    ansible.builtin.setup:\n  \n  - name: Set timezone\n    timezone:\n      name: Europe/Moscow\n  \n  - name: Add entries to hosts\n    copy:\n      dest: /etc/hosts\n      content: \"#\\n\n127.0.0.1\tlocalhost\\n\n10.16.0.26\tbackend1\\n\n10.16.0.5\tbackend2\\n\n10.16.0.33\tnginx1\\n\n10.16.0.10\tnginx2\\n\n10.16.0.13\tstorage\\n\n10.16.0.22\tdatabase\\n\n\"\n\n# ================================= setup iscsi target ===============================\n- hosts: storage\n  remote_user: ubuntu\n  become: yes\n  tasks:\n \n  - name: Install targetcli-fb\n    apt:\n      name: targetcli-fb\n      state: present\n  \n  - name: Configure target using bash script\n    script: iscsi_target.bash\n\n# =============================== setup gfs2 on backend servers ======================\n\n- hosts: backend\n  remote_user: ubuntu\n  become: yes\n  vars:\n  - iqn_base: iqn.2024-12.otus-hl\n  tasks:\n  \n  - name: Install packages\n    apt:\n      name: \"{{ item }}\"\n      state: latest\n    with_items:\n    - pacemaker\n    - pcs\n    - gfs2-utils\n    - open-iscsi\n    - lvm2\n    - dlm-controld\n    - lvm2-lockd\n    - resource-agents-extra\n    - resource-agents-common\n    - resource-agents-base\n    - watchdog \n    - pcp-zeroconf\n    - fence-agents-scsi\n    - apache2\n\n# меняем iqn iscsi клиентов\n  - name: Change InitiatorName in initiatorname.iscsi\n    ansible.builtin.lineinfile:\n      path: /etc/iscsi/initiatorname.iscsi\n      regexp: '^InitiatorName='\n      line: InitiatorName=iqn.2024-12.otus-hl:backend.{{ inventory_hostname }}\n\n  - name: restart iscsid\n    service: \n      name: iscsid\n      state: restarted\n\n# подключаем iscsi диск на ноды\n  - name: Discover iscsi target\n    community.general.open_iscsi:\n      show_nodes: true\n      discover: true\n      portal: storage\n\n  - name: Connect to the target  \n    community.general.open_iscsi:\n      login: true\n      target: 'iqn.2024-12.otus-hl:storage.target00'\n\n# автозапуск и автоподключение iscsi диска при загрузке системы\n  - name: Start iscsi\n    service:\n      name: \"{{ item }}\"\n      state: started\n      enabled: yes\n    with_items:\n      - iscsi\n\n# по дефолту Pacemaker запускает свою службу под пользователем hacluster\n  - name: Set password for hacluster to '123'\n    user:\n      name: hacluster\n      password: $5$A55.Uz8o.y8MuGaf$w3axEzoOgSeGyJo3OE56a4Ki1ctGEWP1GMyU7tOVJu6\n\n# стартуем pcsd\n  - name: Start cluster services\n    service:\n      name: \"{{ item }}\"\n      state: started\n      enabled: yes\n    with_items:\n      - pcsd\n\n# аутентифицируем ноды, которые будут составлять наш кластер\n  - name: authorize among nodes\n    run_once: true\n    command:\n      cmd: /sbin/pcs host auth -u hacluster -p 123 backend1 backend2 \n      creates: /var/lib/pcsd/tokens\n\n# настраиваем кластер\n  - name: configure cluster\n    tags: set cluster\n    run_once: true\n    command:\n      cmd: pcs cluster setup backend --start --enable backend1 backend2 --force\n      \n\n# копируем fencing скрипт для мониторинга iscsi в watchdog.d\n  - name: copy fence_scsi_check script to watchdog.d directory\n    tags: copy fence_scsi_check\n    ansible.builtin.copy:\n      src: /usr/share/cluster/fence_scsi_check\n      dest: /etc/watchdog.d/\n      remote_src: yes\n\n# запускаем watchdog\n  - name: start watchdog\n    tags: start watchdog\n    ansible.builtin.service:\n      name: watchdog\n      state: started\n      enabled: yes\n\n# получаем wwn-идентификатор iscsi диска\n  - name: confirm iscsi disk ID\n    tags: wwn-id\n    run_once: true\n    ansible.builtin.shell: ls -l /dev/disk/by-id | grep sda | grep wwn | cut -d ' ' -f 10\n    register: wwn_id\n\n  - name: show wwn id\n    tags: wwn-id\n    run_once: true\n    ansible.builtin.debug: \n      msg: WWN-ID  {{wwn_id.stdout}}\n    \n\n# настраиваем fencing\n  - name: set fencing\n    tags: set fencing\n    run_once: true\n    ansible.builtin.command: \n      cmd: pcs stonith create scsi-shooter fence_scsi pcmk_host_list=\" backend1 backend2\" devices=/dev/disk/by-id/{{wwn_id.stdout}} meta provides=unfencing\n    \n# включаем поддержку lvmlockd\n  - name: uncomment use_lvmlockd in lvm.conf\n    tags: set use_lvmlockd\n    ansible.builtin.lineinfile:\n      dest: /etc/lvm/lvm.conf\n      regexp: '#\\s*use_lvmlockd = 0'\n      line: 'use_lvmlockd = 1'\n\n# устанавливаем [no-quorum-policy=freeze] на GFS2\n  - name: Freeze a no-quorum policy\n    tags: set no-quorum-policy\n    run_once: true\n    command: /sbin/pcs property set no-quorum-policy=freeze\n\n# Создаем ресурс controld\n  - name: create controld resource\n    tags: set controld\n    run_once: true\n    command: /sbin/pcs resource create dlm ocf:pacemaker:controld op monitor interval=30s on-fail=fence group locking --future\n    register: result\n    failed_when:\n      - result.rc != 0 and \"already exists\" not in result.stderr\n\n  - name: create clone of [locking] to activate it on all nodes in cluster\n    tags: set locking\n    run_once: true\n    command: pcs resource clone locking interleave=true\n\n# Создаем ресурс lvmlockd\n  - name: create lvmlockd resource\n    tags: set lvmlockd\n    run_once: true\n    command: /sbin/pcs resource create lvmlockdd ocf:heartbeat:lvmlockd op monitor interval=30s on-fail=fence group locking --future\n    register: result\n    failed_when:\n      - result.rc != 0 and \"already exists\" not in result.stderr\n\n# создаем кластерный VG на iscsi диске\n  - name: create a PV and VG\n    tags: set vg\n    run_once: true\n    community.general.lvg:\n      pvs: /dev/sda\n      vg: vg01\n      vg_options: --shared\n\n# на всех нодах запускаем lock manager для iscsi диска\n  - name: start lock manager for shared volume\n    tags: set lockmanager\n    command: vgchange --lock-start vg01 \n\n# создаем LV \n  - name: create logical volume\n    tags: set lv\n    run_once: true\n    community.general.lvol:\n      vg: vg01\n      lv: lv01\n      size: 100%VG\n\n# создаем кластерную файловую систему gfs2 на только что созданном LV\n  - name: create a FS\n    tags: set fs\n    run_once: true\n    command: mkfs.gfs2 -j 2 -p lock_dlm -t backend:fs01 -O /dev/vg01/lv01\n    register: result\n    failed_when:\n    - result.rc != 0\n    - '\"Device or resource busy\" not in result.stderr'\n\n# создаем LVM-activate ресурс\n  - name: create LVM-activate resource\n    tags: set LVM-activate\n    run_once: true\n    command: pcs resource create shared_lv ocf:heartbeat:LVM-activate lvname=lv01 vgname=vg01 activation_mode=shared vg_access_mode=lvmlockd group shared_vg --future\n\n  - name: create clone of [LVM-activate]\n    tags: set LVM-activate\n    run_once: true\n    command: pcs resource clone shared_vg interleave=true\n\n# устанавливаем порядок запуска ресурсов\n  - name: set that [shared_vg] and [locking] start on a same node\n    tags: set constraint\n    run_once: true\n    command: pcs constraint colocation add shared_vg-clone with locking-clone\n    register: result\n    failed_when:\n      - result.rc != 0 and \"already exists\" not in result.stderr\n\n# создаем Filesystem ресурс\n  - name: create Filesystem resource\n    tags: create filesystem resource\n    run_once: true\n    command: pcs resource create shared_fs ocf:heartbeat:Filesystem device=\"/dev/vg01/lv01\" directory=\"/var/www\" fstype=\"gfs2\" options=noatime op monitor interval=10s on-fail=fence group shared_vg --future\n\n  - name: Pause for 20 seconds\n    ansible.builtin.pause:\n      seconds: 20\n\n# =============================== setup web on backend servers ======================\n\n- hosts: backend\n  tags: prepare backend for web hosting\n  remote_user: ubuntu\n  become: yes\n  tasks:\n\n  - name: install prerequisites\n    ansible.builtin.apt:\n      name:\n        - libapache2-mod-php\n        - php-gd\n        - php-mysql\n        - php-curl\n        - php-mbstring\n        - php-intl\n        - php-gmp\n        - php-bcmath\n        - php-xml\n        - php-imagick\n        - php-zip\n      state: present\n      update_cache: true\n    notify: restart apache2\n\n  - name: Enable recommended apache modules\n    tags: enable_apache2_modules_web1\n    community.general.apache2_module:\n      state: present\n      name: \"{{ item }}\" \n    with_items:\n      - rewrite\n      - headers\n      - env\n      - dir\n      - mime\n    notify: restart apache2\n  \n  - name: enable apache2 service\n    ansible.builtin.service:\n      name: apache2\n      enabled: true\n\n  - name: modify apache2.conf\n    ansible.builtin.template:\n      src: templates/apache2.conf\n      dest: /etc/apache2/apache2.conf\n    notify:\n      - restart apache2\n\n  - name: add vhost for nextcloud\n    ansible.builtin.template:\n      src: nextcloud.conf.j2\n      dest: /etc/apache2/sites-available/nextcloud.conf\n    notify:\n      - enable nextcloud vhost\n      - restart apache2\n\n  handlers:\n  - name: enable nextcloud vhost\n    ansible.builtin.shell: /usr/sbin/a2ensite nextcloud.conf\n\n  - name: restart apache2\n    ansible.builtin.service:\n      name: apache2\n      state: restarted\n\n# =============================== setup Nextcloud  ======================\n\n- hosts: backend1\n  tags: setup nextcloud\n  remote_user: ubuntu\n  become: yes\n  tasks:\n\n  - name: Extact nextcloud-29.0.7.tar.bz2 into storage directory\n    ansible.builtin.unarchive:\n      src: https://cloud.baltbereg.com/index.php/s/rj9RanHNRaon5Lz/download/nextcloud-30.0.4.tar.bz2\n      dest: /var/www\n      remote_src: yes\n\n  - name: change nextcloud files' owner\n    ansible.builtin.file:\n      path: /storage/webserver\n      state: directory\n      recurse: yes\n      owner: www-data\n      group: www-data",
            "content_base64": null,
            "content_base64sha256": "Jb5+jW7QfikpC8UwlAoB8m0VxDbqKbpk89SxYrNH+pg=",
            "content_base64sha512": "9UjjhQnEM9YCW32X7OAIR+R4bZDL4zwaR4ZHwhSlpXuR4xYZeopDqb8Sqm8iI6R5uz/YJjjEA4j1Fa/36Ot4vg==",
            "content_md5": "e3fa540520a73b8baa7a196897dc2418",
            "content_sha1": "6a67ce3c43f5c8673a7e8003f145e10945fe7a9c",
            "content_sha256": "25be7e8d6ed07e29290bc530940a01f26d15c436ea29ba64f3d4b162b347fa98",
            "content_sha512": "f548e38509c433d6025b7d97ece00847e4786d90cbe33c1a478647c214a5a57b91e316197a8a43a9bf12aa6f2223a479bb3fd82638c40388f515aff7e8eb78be",
            "directory_permission": "0777",
            "file_permission": "0644",
            "filename": "./playbook.yml",
            "id": "6a67ce3c43f5c8673a7e8003f145e10945fe7a9c",
            "sensitive_content": null,
            "source": null
          },
          "sensitive_attributes": [
            [
              {
                "type": "get_attr",
                "value": "sensitive_content"
              }
            ]
          ],
          "dependencies": [
            "data.yandex_compute_image.ubuntu2404",
            "data.yandex_vpc_network.default",
            "yandex_compute_disk.shared_disk",
            "yandex_compute_instance.backend",
            "yandex_compute_instance.database",
            "yandex_compute_instance.frontend",
            "yandex_compute_instance.storage",
            "yandex_vpc_subnet.subnet01"
          ]
        }
      ]
    },
    {
      "mode": "managed",
      "type": "local_file",
      "name": "setup_iscsi_target",
      "provider": "provider[\"registry.terraform.io/hashicorp/local\"]",
      "instances": [
        {
          "schema_version": 0,
          "attributes": {
            "content": "#!/bin/bash\n\ntargetcli \u003c\u003c EOF\n\ncd /backstores/block\ncreate disk01 /dev/vdb\n\ncd /iscsi\ncreate iqn.2024-12.otus-hl:storage.target00\n\ncd /iscsi/iqn.2024-12.otus-hl:storage.target00/tpg1/luns\ncreate /backstores/block/disk01 lun=1\n\ncd ..\nset attribute authentication=0\n\ncd acls/\ncreate iqn.2024-12.otus-hl:backend.backend1\ncreate iqn.2024-12.otus-hl:backend.backend2\nEOF",
            "content_base64": null,
            "content_base64sha256": "lnKaHRzyVzy8sjTuNC24W3SyM9c8AiNg8gP/jDOs6Ac=",
            "content_base64sha512": "WE+MvU8SbLvW3NwZsIs1pTph+6jrGfBqNO/2DmkqvtZgP044C5fSEMFyGkFNBSU5I+znS7VxrkjY1G6osB2/mw==",
            "content_md5": "49928d43d913a57aa57f6af87f5579be",
            "content_sha1": "92b999b9f54c66d661b0b6ef28f0ad9847d14d12",
            "content_sha256": "96729a1d1cf2573cbcb234ee342db85b74b233d73c022360f203ff8c33ace807",
            "content_sha512": "584f8cbd4f126cbbd6dcdc19b08b35a53a61fba8eb19f06a34eff60e692abed6603f4e380b97d210c1721a414d05253923ece74bb571ae48d8d46ea8b01dbf9b",
            "directory_permission": "0777",
            "file_permission": "0644",
            "filename": "./iscsi_target.bash",
            "id": "92b999b9f54c66d661b0b6ef28f0ad9847d14d12",
            "sensitive_content": null,
            "source": null
          },
          "sensitive_attributes": [
            [
              {
                "type": "get_attr",
                "value": "sensitive_content"
              }
            ]
          ],
          "dependencies": [
            "data.yandex_compute_image.ubuntu2404",
            "data.yandex_vpc_network.default",
            "yandex_compute_instance.backend",
            "yandex_vpc_subnet.subnet01"
          ]
        }
      ]
    },
    {
      "mode": "managed",
      "type": "yandex_compute_disk",
      "name": "shared_disk",
      "provider": "provider[\"registry.terraform.io/yandex-cloud/yandex\"]",
      "instances": [
        {
          "schema_version": 0,
          "attributes": {
            "allow_recreate": null,
            "block_size": 4096,
            "created_at": "2024-12-26T17:57:15Z",
            "description": "",
            "disk_placement_policy": [
              {
                "disk_placement_group_id": ""
              }
            ],
            "folder_id": "b1ghnhdkga964vm8vfu6",
            "hardware_generation": [
              {
                "generation2_features": [],
                "legacy_features": [
                  {
                    "pci_topology": "PCI_TOPOLOGY_V1"
                  }
                ]
              }
            ],
            "id": "epdsiujp90tcs31rflvc",
            "image_id": "",
            "kms_key_id": null,
            "labels": null,
            "name": "shared-disk",
            "product_ids": [],
            "size": 5,
            "snapshot_id": "",
            "status": "ready",
            "timeouts": null,
            "type": "network-hdd",
            "zone": "ru-central1-b"
          },
          "sensitive_attributes": [],
          "private": "eyJlMmJmYjczMC1lY2FhLTExZTYtOGY4OC0zNDM2M2JjN2M0YzAiOnsiY3JlYXRlIjozMDAwMDAwMDAwMDAsImRlbGV0ZSI6MzAwMDAwMDAwMDAwLCJ1cGRhdGUiOjMwMDAwMDAwMDAwMH19"
        }
      ]
    },
    {
      "mode": "managed",
      "type": "yandex_compute_instance",
      "name": "backend",
      "provider": "provider[\"registry.terraform.io/yandex-cloud/yandex\"]",
      "instances": [
        {
          "index_key": 0,
          "schema_version": 1,
          "attributes": {
            "allow_recreate": null,
            "allow_stopping_for_update": null,
            "boot_disk": [
              {
                "auto_delete": true,
                "device_name": "epdl8mug19lva1rlp3ur",
                "disk_id": "epdl8mug19lva1rlp3ur",
                "initialize_params": [
                  {
                    "block_size": 4096,
                    "description": "",
                    "image_id": "fd8rg0kng2d1kg23eu3r",
                    "kms_key_id": "",
                    "name": "boot-disk-backend1",
                    "size": 10,
                    "snapshot_id": "",
                    "type": "network-hdd"
                  }
                ],
                "mode": "READ_WRITE"
              }
            ],
            "created_at": "2024-12-26T17:57:16Z",
            "description": "",
            "filesystem": [],
            "folder_id": "b1ghnhdkga964vm8vfu6",
            "fqdn": "backend1.ru-central1.internal",
            "gpu_cluster_id": "",
            "hardware_generation": [
              {
                "generation2_features": [],
                "legacy_features": [
                  {
                    "pci_topology": "PCI_TOPOLOGY_V1"
                  }
                ]
              }
            ],
            "hostname": "backend1",
            "id": "epdkcijusa4c13e2l4f6",
            "labels": null,
            "local_disk": [],
            "maintenance_grace_period": "",
            "maintenance_policy": null,
            "metadata": {
              "ssh-keys": "ubuntu:ssh-ed25519 AAAAC3NzaC1lZDI1NTE5AAAAIFsv6OblDNKcWCXVFwd7wFacShcXDYt/mqBrPConqp8f itbn@LearningMachine1\n"
            },
            "metadata_options": [
              {
                "aws_v1_http_endpoint": 1,
                "aws_v1_http_token": 2,
                "gce_http_endpoint": 1,
                "gce_http_token": 1
              }
            ],
            "name": "backend1",
            "network_acceleration_type": "standard",
            "network_interface": [
              {
                "dns_record": [],
                "index": 0,
                "ip_address": "10.16.0.26",
                "ipv4": true,
                "ipv6": false,
                "ipv6_address": "",
                "ipv6_dns_record": [],
                "mac_address": "d0:0d:14:64:a7:ee",
                "nat": true,
                "nat_dns_record": [],
                "nat_ip_address": "158.160.88.24",
                "nat_ip_version": "IPV4",
                "security_group_ids": [],
                "subnet_id": "e2l1d2pmgadkahsu2nag"
              }
            ],
            "placement_policy": [
              {
                "host_affinity_rules": [],
                "placement_group_id": "",
                "placement_group_partition": 0
              }
            ],
            "platform_id": "standard-v1",
            "resources": [
              {
                "core_fraction": 100,
                "cores": 2,
                "gpus": 0,
                "memory": 2
              }
            ],
            "scheduling_policy": [
              {
                "preemptible": false
              }
            ],
            "secondary_disk": [],
            "service_account_id": "",
            "status": "running",
            "timeouts": null,
            "zone": "ru-central1-b"
          },
          "sensitive_attributes": [],
          "private": "eyJlMmJmYjczMC1lY2FhLTExZTYtOGY4OC0zNDM2M2JjN2M0YzAiOnsiY3JlYXRlIjozMDAwMDAwMDAwMDAsImRlbGV0ZSI6MzAwMDAwMDAwMDAwLCJ1cGRhdGUiOjMwMDAwMDAwMDAwMH0sInNjaGVtYV92ZXJzaW9uIjoiMSJ9",
          "dependencies": [
            "data.yandex_compute_image.ubuntu2404",
            "data.yandex_vpc_network.default",
            "yandex_vpc_subnet.subnet01"
          ]
        },
        {
          "index_key": 1,
          "schema_version": 1,
          "attributes": {
            "allow_recreate": null,
            "allow_stopping_for_update": null,
            "boot_disk": [
              {
                "auto_delete": true,
                "device_name": "epdov7vf840lguvpj6ac",
                "disk_id": "epdov7vf840lguvpj6ac",
                "initialize_params": [
                  {
                    "block_size": 4096,
                    "description": "",
                    "image_id": "fd8rg0kng2d1kg23eu3r",
                    "kms_key_id": "",
                    "name": "boot-disk-backend2",
                    "size": 10,
                    "snapshot_id": "",
                    "type": "network-hdd"
                  }
                ],
                "mode": "READ_WRITE"
              }
            ],
            "created_at": "2024-12-26T17:57:16Z",
            "description": "",
            "filesystem": [],
            "folder_id": "b1ghnhdkga964vm8vfu6",
            "fqdn": "backend2.ru-central1.internal",
            "gpu_cluster_id": "",
            "hardware_generation": [
              {
                "generation2_features": [],
                "legacy_features": [
                  {
                    "pci_topology": "PCI_TOPOLOGY_V1"
                  }
                ]
              }
            ],
            "hostname": "backend2",
            "id": "epdh1nggd207lc3o2f3t",
            "labels": null,
            "local_disk": [],
            "maintenance_grace_period": "",
            "maintenance_policy": null,
            "metadata": {
              "ssh-keys": "ubuntu:ssh-ed25519 AAAAC3NzaC1lZDI1NTE5AAAAIFsv6OblDNKcWCXVFwd7wFacShcXDYt/mqBrPConqp8f itbn@LearningMachine1\n"
            },
            "metadata_options": [
              {
                "aws_v1_http_endpoint": 1,
                "aws_v1_http_token": 2,
                "gce_http_endpoint": 1,
                "gce_http_token": 1
              }
            ],
            "name": "backend2",
            "network_acceleration_type": "standard",
            "network_interface": [
              {
                "dns_record": [],
                "index": 0,
                "ip_address": "10.16.0.5",
                "ipv4": true,
                "ipv6": false,
                "ipv6_address": "",
                "ipv6_dns_record": [],
                "mac_address": "d0:0d:11:0d:e1:06",
                "nat": true,
                "nat_dns_record": [],
                "nat_ip_address": "158.160.65.108",
                "nat_ip_version": "IPV4",
                "security_group_ids": [],
                "subnet_id": "e2l1d2pmgadkahsu2nag"
              }
            ],
            "placement_policy": [
              {
                "host_affinity_rules": [],
                "placement_group_id": "",
                "placement_group_partition": 0
              }
            ],
            "platform_id": "standard-v1",
            "resources": [
              {
                "core_fraction": 100,
                "cores": 2,
                "gpus": 0,
                "memory": 2
              }
            ],
            "scheduling_policy": [
              {
                "preemptible": false
              }
            ],
            "secondary_disk": [],
            "service_account_id": "",
            "status": "running",
            "timeouts": null,
            "zone": "ru-central1-b"
          },
          "sensitive_attributes": [],
          "private": "eyJlMmJmYjczMC1lY2FhLTExZTYtOGY4OC0zNDM2M2JjN2M0YzAiOnsiY3JlYXRlIjozMDAwMDAwMDAwMDAsImRlbGV0ZSI6MzAwMDAwMDAwMDAwLCJ1cGRhdGUiOjMwMDAwMDAwMDAwMH0sInNjaGVtYV92ZXJzaW9uIjoiMSJ9",
          "dependencies": [
            "data.yandex_compute_image.ubuntu2404",
            "data.yandex_vpc_network.default",
            "yandex_vpc_subnet.subnet01"
          ]
        }
      ]
    },
    {
      "mode": "managed",
      "type": "yandex_compute_instance",
      "name": "database",
      "provider": "provider[\"registry.terraform.io/yandex-cloud/yandex\"]",
      "instances": [
        {
          "schema_version": 1,
          "attributes": {
            "allow_recreate": null,
            "allow_stopping_for_update": null,
            "boot_disk": [
              {
                "auto_delete": true,
                "device_name": "epd0nqqv1ng08j44he38",
                "disk_id": "epd0nqqv1ng08j44he38",
                "initialize_params": [
                  {
                    "block_size": 4096,
                    "description": "",
                    "image_id": "fd8rg0kng2d1kg23eu3r",
                    "kms_key_id": "",
                    "name": "boot-disk-database",
                    "size": 10,
                    "snapshot_id": "",
                    "type": "network-hdd"
                  }
                ],
                "mode": "READ_WRITE"
              }
            ],
            "created_at": "2024-12-26T17:57:16Z",
            "description": "",
            "filesystem": [],
            "folder_id": "b1ghnhdkga964vm8vfu6",
            "fqdn": "database.ru-central1.internal",
            "gpu_cluster_id": "",
            "hardware_generation": [
              {
                "generation2_features": [],
                "legacy_features": [
                  {
                    "pci_topology": "PCI_TOPOLOGY_V1"
                  }
                ]
              }
            ],
            "hostname": "database",
            "id": "epdadp9uqnsf2kh9fvbh",
            "labels": null,
            "local_disk": [],
            "maintenance_grace_period": "",
            "maintenance_policy": null,
            "metadata": {
              "ssh-keys": "ubuntu:ssh-ed25519 AAAAC3NzaC1lZDI1NTE5AAAAIFsv6OblDNKcWCXVFwd7wFacShcXDYt/mqBrPConqp8f itbn@LearningMachine1\n"
            },
            "metadata_options": [
              {
                "aws_v1_http_endpoint": 1,
                "aws_v1_http_token": 2,
                "gce_http_endpoint": 1,
                "gce_http_token": 1
              }
            ],
            "name": "database",
            "network_acceleration_type": "standard",
            "network_interface": [
              {
                "dns_record": [],
                "index": 0,
                "ip_address": "10.16.0.22",
                "ipv4": true,
                "ipv6": false,
                "ipv6_address": "",
                "ipv6_dns_record": [],
                "mac_address": "d0:0d:a6:e5:3e:d5",
                "nat": true,
                "nat_dns_record": [],
                "nat_ip_address": "158.160.70.39",
                "nat_ip_version": "IPV4",
                "security_group_ids": [],
                "subnet_id": "e2l1d2pmgadkahsu2nag"
              }
            ],
            "placement_policy": [
              {
                "host_affinity_rules": [],
                "placement_group_id": "",
                "placement_group_partition": 0
              }
            ],
            "platform_id": "standard-v1",
            "resources": [
              {
                "core_fraction": 100,
                "cores": 2,
                "gpus": 0,
                "memory": 2
              }
            ],
            "scheduling_policy": [
              {
                "preemptible": false
              }
            ],
            "secondary_disk": [],
            "service_account_id": "",
            "status": "running",
            "timeouts": null,
            "zone": "ru-central1-b"
          },
          "sensitive_attributes": [],
          "private": "eyJlMmJmYjczMC1lY2FhLTExZTYtOGY4OC0zNDM2M2JjN2M0YzAiOnsiY3JlYXRlIjozMDAwMDAwMDAwMDAsImRlbGV0ZSI6MzAwMDAwMDAwMDAwLCJ1cGRhdGUiOjMwMDAwMDAwMDAwMH0sInNjaGVtYV92ZXJzaW9uIjoiMSJ9",
          "dependencies": [
            "data.yandex_compute_image.ubuntu2404",
            "data.yandex_vpc_network.default",
            "yandex_vpc_subnet.subnet01"
          ]
        }
      ]
    },
    {
      "mode": "managed",
      "type": "yandex_compute_instance",
      "name": "frontend",
      "provider": "provider[\"registry.terraform.io/yandex-cloud/yandex\"]",
      "instances": [
        {
          "index_key": 0,
          "schema_version": 1,
          "attributes": {
            "allow_recreate": null,
            "allow_stopping_for_update": null,
            "boot_disk": [
              {
                "auto_delete": true,
                "device_name": "epdest59b58esa1d3nj3",
                "disk_id": "epdest59b58esa1d3nj3",
                "initialize_params": [
                  {
                    "block_size": 4096,
                    "description": "",
                    "image_id": "fd8rg0kng2d1kg23eu3r",
                    "kms_key_id": "",
                    "name": "boot-disk-nginx1",
                    "size": 10,
                    "snapshot_id": "",
                    "type": "network-hdd"
                  }
                ],
                "mode": "READ_WRITE"
              }
            ],
            "created_at": "2024-12-26T17:57:16Z",
            "description": "",
            "filesystem": [],
            "folder_id": "b1ghnhdkga964vm8vfu6",
            "fqdn": "nginx1.ru-central1.internal",
            "gpu_cluster_id": "",
            "hardware_generation": [
              {
                "generation2_features": [],
                "legacy_features": [
                  {
                    "pci_topology": "PCI_TOPOLOGY_V1"
                  }
                ]
              }
            ],
            "hostname": "nginx1",
            "id": "epde90bsr23j4olmlfvk",
            "labels": null,
            "local_disk": [],
            "maintenance_grace_period": "",
            "maintenance_policy": null,
            "metadata": {
              "ssh-keys": "ubuntu:ssh-ed25519 AAAAC3NzaC1lZDI1NTE5AAAAIFsv6OblDNKcWCXVFwd7wFacShcXDYt/mqBrPConqp8f itbn@LearningMachine1\n"
            },
            "metadata_options": [
              {
                "aws_v1_http_endpoint": 1,
                "aws_v1_http_token": 2,
                "gce_http_endpoint": 1,
                "gce_http_token": 1
              }
            ],
            "name": "nginx1",
            "network_acceleration_type": "standard",
            "network_interface": [
              {
                "dns_record": [],
                "index": 0,
                "ip_address": "10.16.0.33",
                "ipv4": true,
                "ipv6": false,
                "ipv6_address": "",
                "ipv6_dns_record": [],
                "mac_address": "d0:0d:e4:81:7c:d8",
                "nat": true,
                "nat_dns_record": [],
                "nat_ip_address": "158.160.88.96",
                "nat_ip_version": "IPV4",
                "security_group_ids": [],
                "subnet_id": "e2l1d2pmgadkahsu2nag"
              }
            ],
            "placement_policy": [
              {
                "host_affinity_rules": [],
                "placement_group_id": "",
                "placement_group_partition": 0
              }
            ],
            "platform_id": "standard-v1",
            "resources": [
              {
                "core_fraction": 100,
                "cores": 2,
                "gpus": 0,
                "memory": 2
              }
            ],
            "scheduling_policy": [
              {
                "preemptible": false
              }
            ],
            "secondary_disk": [],
            "service_account_id": "",
            "status": "running",
            "timeouts": null,
            "zone": "ru-central1-b"
          },
          "sensitive_attributes": [],
          "private": "eyJlMmJmYjczMC1lY2FhLTExZTYtOGY4OC0zNDM2M2JjN2M0YzAiOnsiY3JlYXRlIjozMDAwMDAwMDAwMDAsImRlbGV0ZSI6MzAwMDAwMDAwMDAwLCJ1cGRhdGUiOjMwMDAwMDAwMDAwMH0sInNjaGVtYV92ZXJzaW9uIjoiMSJ9",
          "dependencies": [
            "data.yandex_compute_image.ubuntu2404",
            "data.yandex_vpc_network.default",
            "yandex_vpc_subnet.subnet01"
          ]
        },
        {
          "index_key": 1,
          "schema_version": 1,
          "attributes": {
            "allow_recreate": null,
            "allow_stopping_for_update": null,
            "boot_disk": [
              {
                "auto_delete": true,
                "device_name": "epd57j8on0khe5evu30t",
                "disk_id": "epd57j8on0khe5evu30t",
                "initialize_params": [
                  {
                    "block_size": 4096,
                    "description": "",
                    "image_id": "fd8rg0kng2d1kg23eu3r",
                    "kms_key_id": "",
                    "name": "boot-disk-nginx2",
                    "size": 10,
                    "snapshot_id": "",
                    "type": "network-hdd"
                  }
                ],
                "mode": "READ_WRITE"
              }
            ],
            "created_at": "2024-12-26T17:57:16Z",
            "description": "",
            "filesystem": [],
            "folder_id": "b1ghnhdkga964vm8vfu6",
            "fqdn": "nginx2.ru-central1.internal",
            "gpu_cluster_id": "",
            "hardware_generation": [
              {
                "generation2_features": [],
                "legacy_features": [
                  {
                    "pci_topology": "PCI_TOPOLOGY_V1"
                  }
                ]
              }
            ],
            "hostname": "nginx2",
            "id": "epdoi3nel6cc8eakrrlo",
            "labels": null,
            "local_disk": [],
            "maintenance_grace_period": "",
            "maintenance_policy": null,
            "metadata": {
              "ssh-keys": "ubuntu:ssh-ed25519 AAAAC3NzaC1lZDI1NTE5AAAAIFsv6OblDNKcWCXVFwd7wFacShcXDYt/mqBrPConqp8f itbn@LearningMachine1\n"
            },
            "metadata_options": [
              {
                "aws_v1_http_endpoint": 1,
                "aws_v1_http_token": 2,
                "gce_http_endpoint": 1,
                "gce_http_token": 1
              }
            ],
            "name": "nginx2",
            "network_acceleration_type": "standard",
            "network_interface": [
              {
                "dns_record": [],
                "index": 0,
                "ip_address": "10.16.0.10",
                "ipv4": true,
                "ipv6": false,
                "ipv6_address": "",
                "ipv6_dns_record": [],
                "mac_address": "d0:0d:18:90:ee:ea",
                "nat": true,
                "nat_dns_record": [],
                "nat_ip_address": "158.160.88.120",
                "nat_ip_version": "IPV4",
                "security_group_ids": [],
                "subnet_id": "e2l1d2pmgadkahsu2nag"
              }
            ],
            "placement_policy": [
              {
                "host_affinity_rules": [],
                "placement_group_id": "",
                "placement_group_partition": 0
              }
            ],
            "platform_id": "standard-v1",
            "resources": [
              {
                "core_fraction": 100,
                "cores": 2,
                "gpus": 0,
                "memory": 2
              }
            ],
            "scheduling_policy": [
              {
                "preemptible": false
              }
            ],
            "secondary_disk": [],
            "service_account_id": "",
            "status": "running",
            "timeouts": null,
            "zone": "ru-central1-b"
          },
          "sensitive_attributes": [],
          "private": "eyJlMmJmYjczMC1lY2FhLTExZTYtOGY4OC0zNDM2M2JjN2M0YzAiOnsiY3JlYXRlIjozMDAwMDAwMDAwMDAsImRlbGV0ZSI6MzAwMDAwMDAwMDAwLCJ1cGRhdGUiOjMwMDAwMDAwMDAwMH0sInNjaGVtYV92ZXJzaW9uIjoiMSJ9",
          "dependencies": [
            "data.yandex_compute_image.ubuntu2404",
            "data.yandex_vpc_network.default",
            "yandex_vpc_subnet.subnet01"
          ]
        }
      ]
    },
    {
      "mode": "managed",
      "type": "yandex_compute_instance",
      "name": "storage",
      "provider": "provider[\"registry.terraform.io/yandex-cloud/yandex\"]",
      "instances": [
        {
          "schema_version": 1,
          "attributes": {
            "allow_recreate": null,
            "allow_stopping_for_update": null,
            "boot_disk": [
              {
                "auto_delete": true,
                "device_name": "epd0m9ibd11278jjm8kk",
                "disk_id": "epd0m9ibd11278jjm8kk",
                "initialize_params": [
                  {
                    "block_size": 4096,
                    "description": "",
                    "image_id": "fd8rg0kng2d1kg23eu3r",
                    "kms_key_id": "",
                    "name": "boot-disk-storage",
                    "size": 10,
                    "snapshot_id": "",
                    "type": "network-hdd"
                  }
                ],
                "mode": "READ_WRITE"
              }
            ],
            "created_at": "2024-12-26T17:57:23Z",
            "description": "",
            "filesystem": [],
            "folder_id": "b1ghnhdkga964vm8vfu6",
            "fqdn": "storage.ru-central1.internal",
            "gpu_cluster_id": "",
            "hardware_generation": [
              {
                "generation2_features": [],
                "legacy_features": [
                  {
                    "pci_topology": "PCI_TOPOLOGY_V1"
                  }
                ]
              }
            ],
            "hostname": "storage",
            "id": "epdqj27kr1s2cp6kdgmb",
            "labels": null,
            "local_disk": [],
            "maintenance_grace_period": "",
            "maintenance_policy": null,
            "metadata": {
              "ssh-keys": "ubuntu:ssh-ed25519 AAAAC3NzaC1lZDI1NTE5AAAAIFsv6OblDNKcWCXVFwd7wFacShcXDYt/mqBrPConqp8f itbn@LearningMachine1\n"
            },
            "metadata_options": [
              {
                "aws_v1_http_endpoint": 1,
                "aws_v1_http_token": 2,
                "gce_http_endpoint": 1,
                "gce_http_token": 1
              }
            ],
            "name": "storage",
            "network_acceleration_type": "standard",
            "network_interface": [
              {
                "dns_record": [],
                "index": 0,
                "ip_address": "10.16.0.13",
                "ipv4": true,
                "ipv6": false,
                "ipv6_address": "",
                "ipv6_dns_record": [],
                "mac_address": "d0:0d:1a:98:8f:4d",
                "nat": true,
                "nat_dns_record": [],
                "nat_ip_address": "158.160.29.48",
                "nat_ip_version": "IPV4",
                "security_group_ids": [],
                "subnet_id": "e2l1d2pmgadkahsu2nag"
              }
            ],
            "placement_policy": [
              {
                "host_affinity_rules": [],
                "placement_group_id": "",
                "placement_group_partition": 0
              }
            ],
            "platform_id": "standard-v1",
            "resources": [
              {
                "core_fraction": 100,
                "cores": 2,
                "gpus": 0,
                "memory": 2
              }
            ],
            "scheduling_policy": [
              {
                "preemptible": false
              }
            ],
            "secondary_disk": [
              {
                "auto_delete": false,
                "device_name": "shared_disk",
                "disk_id": "epdsiujp90tcs31rflvc",
                "mode": "READ_WRITE"
              }
            ],
            "service_account_id": "",
            "status": "running",
            "timeouts": null,
            "zone": "ru-central1-b"
          },
          "sensitive_attributes": [],
          "private": "eyJlMmJmYjczMC1lY2FhLTExZTYtOGY4OC0zNDM2M2JjN2M0YzAiOnsiY3JlYXRlIjozMDAwMDAwMDAwMDAsImRlbGV0ZSI6MzAwMDAwMDAwMDAwLCJ1cGRhdGUiOjMwMDAwMDAwMDAwMH0sInNjaGVtYV92ZXJzaW9uIjoiMSJ9",
          "dependencies": [
            "data.yandex_compute_image.ubuntu2404",
            "data.yandex_vpc_network.default",
            "yandex_compute_disk.shared_disk",
            "yandex_vpc_subnet.subnet01"
          ]
        }
      ]
    },
    {
      "mode": "managed",
      "type": "yandex_vpc_subnet",
      "name": "subnet01",
      "provider": "provider[\"registry.terraform.io/yandex-cloud/yandex\"]",
      "instances": [
        {
          "schema_version": 0,
          "attributes": {
            "created_at": "2024-12-26T17:57:15Z",
            "description": "",
            "dhcp_options": [],
            "folder_id": "b1ghnhdkga964vm8vfu6",
            "id": "e2l1d2pmgadkahsu2nag",
            "labels": {},
            "name": "subnet01",
            "network_id": "enp014etv9tm4bcju6bq",
            "route_table_id": "",
            "timeouts": null,
            "v4_cidr_blocks": [
              "10.16.0.0/24"
            ],
            "v6_cidr_blocks": [],
            "zone": "ru-central1-b"
          },
          "sensitive_attributes": [],
          "private": "eyJlMmJmYjczMC1lY2FhLTExZTYtOGY4OC0zNDM2M2JjN2M0YzAiOnsiY3JlYXRlIjoxODAwMDAwMDAwMDAsImRlbGV0ZSI6MTgwMDAwMDAwMDAwLCJ1cGRhdGUiOjE4MDAwMDAwMDAwMH19",
          "dependencies": [
            "data.yandex_vpc_network.default"
          ]
        }
      ]
    }
  ],
  "check_results": null
}
